{
  "name": "markdown-tool-plus",
  "version": "1.0.0",
  "lockfileVersion": 3,
  "requires": true,
  "packages": {
    "": {
      "name": "markdown-tool-plus",
      "version": "1.0.0",
      "license": "ISC",
      "dependencies": {
        "commander": "^9.5.0"
      },
      "bin": {
        "markdown-tool-plus": "bin/cli.js"
      }
    },
    "node_modules/commander": {
      "version": "9.5.0",
      "resolved": "https://registry.npmmirror.com/commander/-/commander-9.5.0.tgz",
      "integrity": "sha512-KRs7WVDKg86PWiuAqhDrAQnTXZKraVcCc6vFdL14qrZ/DcWwuRo7VoiYXalXO7S5GKpqYiVEwCbgFDfxNHKJBQ==",
      "engines": {
        "node": "^12.20.0 || >=14"
      }
    }
  }
}
